
Microsoft Visual Studio Solution File, Format Version 12.00
# Visual Studio Version 17
VisualStudioVersion = 17.4.33103.184
MinimumVisualStudioVersion = 10.0.40219.1
Project("{FAE04EC0-301F-11D3-BF4B-00C04F79EFBC}") = "StemmZ", "StemmZ\StemmZ.csproj", "{A06C890B-7670-4650-833D-3D04D0BB1607}"
EndProject
Project("{FAE04EC0-301F-11D3-BF4B-00C04F79EFBC}") = "test", "test\test.csproj", "{09E9EED6-0BA6-456F-A1C0-C415E9C4670C}"
EndProject
Project("{2150E333-8FDC-42A3-9474-1A3956D46DE8}") = "Элементы решения", "Элементы решения", "{22A42CC8-37F8-4725-9C66-2C3D73D6BF5A}"
	ProjectSection(SolutionItems) = preProject
		test.txt = test.txt
	EndProjectSection
EndProject
Global
	GlobalSection(SolutionConfigurationPlatforms) = preSolution
		Debug|Any CPU = Debug|Any CPU
		Release|Any CPU = Release|Any CPU
	EndGlobalSection
	GlobalSection(ProjectConfigurationPlatforms) = postSolution
		{A06C890B-7670-4650-833D-3D04D0BB1607}.Debug|Any CPU.ActiveCfg = Debug|Any CPU
		{A06C890B-7670-4650-833D-3D04D0BB1607}.Debug|Any CPU.Build.0 = Debug|Any CPU
		{A06C890B-7670-4650-833D-3D04D0BB1607}.Release|Any CPU.ActiveCfg = Release|Any CPU
		{A06C890B-7670-4650-833D-3D04D0BB1607}.Release|Any CPU.Build.0 = Release|Any CPU
		{09E9EED6-0BA6-456F-A1C0-C415E9C4670C}.Debug|Any CPU.ActiveCfg = Debug|Any CPU
		{09E9EED6-0BA6-456F-A1C0-C415E9C4670C}.Debug|Any CPU.Build.0 = Debug|Any CPU
		{09E9EED6-0BA6-456F-A1C0-C415E9C4670C}.Release|Any CPU.ActiveCfg = Release|Any CPU
		{09E9EED6-0BA6-456F-A1C0-C415E9C4670C}.Release|Any CPU.Build.0 = Release|Any CPU
	EndGlobalSection
	GlobalSection(SolutionProperties) = preSolution
		HideSolutionNode = FALSE
	EndGlobalSection
	GlobalSection(ExtensibilityGlobals) = postSolution
		SolutionGuid = {F7866712-1393-480B-AEFF-644FF0B6A5B9}
	EndGlobalSection
EndGlobal
